
Microsoft Visual Studio Solution File, Format Version 12.00
# Visual Studio Version 16
VisualStudioVersion = 16.0.30002.166
MinimumVisualStudioVersion = 10.0.40219.1
Project("{FAE04EC0-301F-11D3-BF4B-00C04F79EFBC}") = "WpfApp1", "WpfApp1\WpfApp1.csproj", "{311764FD-5106-46F1-9614-E61D797654A6}"
EndProject
Project("{FAE04EC0-301F-11D3-BF4B-00C04F79EFBC}") = "NgocDuc", "NgocDuc\NgocDuc.csproj", "{7EBB0B82-C483-4F16-A950-FC6F9E0CCC6E}"
EndProject
Global
	GlobalSection(SolutionConfigurationPlatforms) = preSolution
		Debug|Any CPU = Debug|Any CPU
		Release|Any CPU = Release|Any CPU
	EndGlobalSection
	GlobalSection(ProjectConfigurationPlatforms) = postSolution
		{311764FD-5106-46F1-9614-E61D797654A6}.Debug|Any CPU.ActiveCfg = Debug|Any CPU
		{311764FD-5106-46F1-9614-E61D797654A6}.Debug|Any CPU.Build.0 = Debug|Any CPU
		{311764FD-5106-46F1-9614-E61D797654A6}.Release|Any CPU.ActiveCfg = Release|Any CPU
		{311764FD-5106-46F1-9614-E61D797654A6}.Release|Any CPU.Build.0 = Release|Any CPU
		{7EBB0B82-C483-4F16-A950-FC6F9E0CCC6E}.Debug|Any CPU.ActiveCfg = Debug|Any CPU
		{7EBB0B82-C483-4F16-A950-FC6F9E0CCC6E}.Debug|Any CPU.Build.0 = Debug|Any CPU
		{7EBB0B82-C483-4F16-A950-FC6F9E0CCC6E}.Release|Any CPU.ActiveCfg = Release|Any CPU
		{7EBB0B82-C483-4F16-A950-FC6F9E0CCC6E}.Release|Any CPU.Build.0 = Release|Any CPU
	EndGlobalSection
	GlobalSection(SolutionProperties) = preSolution
		HideSolutionNode = FALSE
	EndGlobalSection
	GlobalSection(ExtensibilityGlobals) = postSolution
		SolutionGuid = {D2FE2579-69D5-42AE-9F3A-F3C58F9D1E77}
	EndGlobalSection
EndGlobal
